
Microsoft Visual Studio Solution File, Format Version 12.00
# Visual Studio Version 17
VisualStudioVersion = 17.0.31903.59
MinimumVisualStudioVersion = 10.0.40219.1
Project("{2150E333-8FDC-42A3-9474-1A3956D46DE8}") = "src", "src", "{1EF0A1EB-6523-490D-BE61-B401E8747A2F}"
EndProject
Project("{FAE04EC0-301F-11D3-BF4B-00C04F79EFBC}") = "FluxoDeCaixa.Domain", "src\FluxoDeCaixa.Domain\FluxoDeCaixa.Domain.csproj", "{39284021-29AE-49DD-BC3F-25619F35BA49}"
EndProject
Project("{FAE04EC0-301F-11D3-BF4B-00C04F79EFBC}") = "FluxoDeCaixa.Application", "src\FluxoDeCaixa.Application\FluxoDeCaixa.Application.csproj", "{3DD69BB5-3263-4D6F-931A-0CA6767C60A9}"
EndProject
Project("{FAE04EC0-301F-11D3-BF4B-00C04F79EFBC}") = "FluxoDeCaixa.Infrastructure", "src\FluxoDeCaixa.Infrastructure\FluxoDeCaixa.Infrastructure.csproj", "{8E393E34-4416-44D6-AA43-A86232845FE3}"
EndProject
Project("{FAE04EC0-301F-11D3-BF4B-00C04F79EFBC}") = "FluxoDeCaixa.Api", "src\FluxoDeCaixa.Api\FluxoDeCaixa.Api.csproj", "{9F44ECFB-8409-47CB-9E83-FBBD79B30E07}"
EndProject
Project("{2150E333-8FDC-42A3-9474-1A3956D46DE8}") = "tests", "tests", "{D939C1A1-096F-40C6-9014-7CC202D36B18}"
EndProject
Project("{FAE04EC0-301F-11D3-BF4B-00C04F79EFBC}") = "FluxoDeCaixa.Tests.Unit", "tests\FluxoDeCaixa.Tests.Unit\FluxoDeCaixa.Tests.Unit.csproj", "{E84905CD-2434-444A-9E46-71CAC56A8AB4}"
EndProject
Project("{FAE04EC0-301F-11D3-BF4B-00C04F79EFBC}") = "FluxoDeCaixa.Tests.Integration", "tests\FluxoDeCaixa.Tests.Integration\FluxoDeCaixa.Tests.Integration.csproj", "{6188F437-CDC5-4A98-ADD2-BF9D26B38374}"
EndProject
Project("{FAE04EC0-301F-11D3-BF4B-00C04F79EFBC}") = "FluxoDeCaixa.Consolidacao", "src\FluxoDeCaixa.Consolidacao\FluxoDeCaixa.Consolidacao.csproj", "{90480893-C157-46DF-9330-B26D00DE610B}"
EndProject
Project("{FAE04EC0-301F-11D3-BF4B-00C04F79EFBC}") = "FluxoDeCaixa.Tests.Load", "tests\FluxoDeCaixa.Tests.Load\FluxoDeCaixa.Tests.Load.csproj", "{56175BF0-6A70-4483-A343-930B87B3E8DF}"
EndProject
Project("{FAE04EC0-301F-11D3-BF4B-00C04F79EFBC}") = "FluxoDeCaixa.Web", "src\FluxoDeCaixa.Web\FluxoDeCaixa.Web.csproj", "{42A012D5-26EF-457B-958A-269E98DD0E82}"
EndProject
Global
	GlobalSection(SolutionConfigurationPlatforms) = preSolution
		Debug|Any CPU = Debug|Any CPU
		Release|Any CPU = Release|Any CPU
	EndGlobalSection
	GlobalSection(SolutionProperties) = preSolution
		HideSolutionNode = FALSE
	EndGlobalSection
	GlobalSection(ProjectConfigurationPlatforms) = postSolution
		{39284021-29AE-49DD-BC3F-25619F35BA49}.Debug|Any CPU.ActiveCfg = Debug|Any CPU
		{39284021-29AE-49DD-BC3F-25619F35BA49}.Debug|Any CPU.Build.0 = Debug|Any CPU
		{39284021-29AE-49DD-BC3F-25619F35BA49}.Release|Any CPU.ActiveCfg = Release|Any CPU
		{39284021-29AE-49DD-BC3F-25619F35BA49}.Release|Any CPU.Build.0 = Release|Any CPU
		{3DD69BB5-3263-4D6F-931A-0CA6767C60A9}.Debug|Any CPU.ActiveCfg = Debug|Any CPU
		{3DD69BB5-3263-4D6F-931A-0CA6767C60A9}.Debug|Any CPU.Build.0 = Debug|Any CPU
		{3DD69BB5-3263-4D6F-931A-0CA6767C60A9}.Release|Any CPU.ActiveCfg = Release|Any CPU
		{3DD69BB5-3263-4D6F-931A-0CA6767C60A9}.Release|Any CPU.Build.0 = Release|Any CPU
		{8E393E34-4416-44D6-AA43-A86232845FE3}.Debug|Any CPU.ActiveCfg = Debug|Any CPU
		{8E393E34-4416-44D6-AA43-A86232845FE3}.Debug|Any CPU.Build.0 = Debug|Any CPU
		{8E393E34-4416-44D6-AA43-A86232845FE3}.Release|Any CPU.ActiveCfg = Release|Any CPU
		{8E393E34-4416-44D6-AA43-A86232845FE3}.Release|Any CPU.Build.0 = Release|Any CPU
		{9F44ECFB-8409-47CB-9E83-FBBD79B30E07}.Debug|Any CPU.ActiveCfg = Debug|Any CPU
		{9F44ECFB-8409-47CB-9E83-FBBD79B30E07}.Debug|Any CPU.Build.0 = Debug|Any CPU
		{9F44ECFB-8409-47CB-9E83-FBBD79B30E07}.Release|Any CPU.ActiveCfg = Release|Any CPU
		{9F44ECFB-8409-47CB-9E83-FBBD79B30E07}.Release|Any CPU.Build.0 = Release|Any CPU
		{E84905CD-2434-444A-9E46-71CAC56A8AB4}.Debug|Any CPU.ActiveCfg = Debug|Any CPU
		{E84905CD-2434-444A-9E46-71CAC56A8AB4}.Debug|Any CPU.Build.0 = Debug|Any CPU
		{E84905CD-2434-444A-9E46-71CAC56A8AB4}.Release|Any CPU.ActiveCfg = Release|Any CPU
		{E84905CD-2434-444A-9E46-71CAC56A8AB4}.Release|Any CPU.Build.0 = Release|Any CPU
		{6188F437-CDC5-4A98-ADD2-BF9D26B38374}.Debug|Any CPU.ActiveCfg = Debug|Any CPU
		{6188F437-CDC5-4A98-ADD2-BF9D26B38374}.Debug|Any CPU.Build.0 = Debug|Any CPU
		{6188F437-CDC5-4A98-ADD2-BF9D26B38374}.Release|Any CPU.ActiveCfg = Release|Any CPU
		{6188F437-CDC5-4A98-ADD2-BF9D26B38374}.Release|Any CPU.Build.0 = Release|Any CPU
		{90480893-C157-46DF-9330-B26D00DE610B}.Debug|Any CPU.ActiveCfg = Debug|Any CPU
		{90480893-C157-46DF-9330-B26D00DE610B}.Debug|Any CPU.Build.0 = Debug|Any CPU
		{90480893-C157-46DF-9330-B26D00DE610B}.Release|Any CPU.ActiveCfg = Release|Any CPU
		{90480893-C157-46DF-9330-B26D00DE610B}.Release|Any CPU.Build.0 = Release|Any CPU
		{56175BF0-6A70-4483-A343-930B87B3E8DF}.Debug|Any CPU.ActiveCfg = Debug|Any CPU
		{56175BF0-6A70-4483-A343-930B87B3E8DF}.Debug|Any CPU.Build.0 = Debug|Any CPU
		{56175BF0-6A70-4483-A343-930B87B3E8DF}.Release|Any CPU.ActiveCfg = Release|Any CPU
		{56175BF0-6A70-4483-A343-930B87B3E8DF}.Release|Any CPU.Build.0 = Release|Any CPU
		{42A012D5-26EF-457B-958A-269E98DD0E82}.Debug|Any CPU.ActiveCfg = Debug|Any CPU
		{42A012D5-26EF-457B-958A-269E98DD0E82}.Debug|Any CPU.Build.0 = Debug|Any CPU
		{42A012D5-26EF-457B-958A-269E98DD0E82}.Release|Any CPU.ActiveCfg = Release|Any CPU
		{42A012D5-26EF-457B-958A-269E98DD0E82}.Release|Any CPU.Build.0 = Release|Any CPU
	EndGlobalSection
	GlobalSection(NestedProjects) = preSolution
		{39284021-29AE-49DD-BC3F-25619F35BA49} = {1EF0A1EB-6523-490D-BE61-B401E8747A2F}
		{3DD69BB5-3263-4D6F-931A-0CA6767C60A9} = {1EF0A1EB-6523-490D-BE61-B401E8747A2F}
		{8E393E34-4416-44D6-AA43-A86232845FE3} = {1EF0A1EB-6523-490D-BE61-B401E8747A2F}
		{9F44ECFB-8409-47CB-9E83-FBBD79B30E07} = {1EF0A1EB-6523-490D-BE61-B401E8747A2F}
		{E84905CD-2434-444A-9E46-71CAC56A8AB4} = {D939C1A1-096F-40C6-9014-7CC202D36B18}
		{6188F437-CDC5-4A98-ADD2-BF9D26B38374} = {D939C1A1-096F-40C6-9014-7CC202D36B18}
		{90480893-C157-46DF-9330-B26D00DE610B} = {1EF0A1EB-6523-490D-BE61-B401E8747A2F}
		{56175BF0-6A70-4483-A343-930B87B3E8DF} = {D939C1A1-096F-40C6-9014-7CC202D36B18}
		{42A012D5-26EF-457B-958A-269E98DD0E82} = {1EF0A1EB-6523-490D-BE61-B401E8747A2F}
	EndGlobalSection
EndGlobal
