<Solution>
  <Folder Name="/src/">
    <Project Path="src/MS.FluxoDeCaixa/MS.FluxoDeCaixa.csproj" />
    <Project Path="src/FluxoDeCaixa.Application/FluxoDeCaixa.Application.csproj" />
    <Project Path="src/FluxoDeCaixa.Consolidacao/FluxoDeCaixa.Consolidacao.csproj" />
    <Project Path="src/FluxoDeCaixa.Domain/FluxoDeCaixa.Domain.csproj" />
    <Project Path="src/FluxoDeCaixa.Infrastructure/FluxoDeCaixa.Infrastructure.csproj" />
  </Folder>
  <Folder Name="/tests/">
    <Project Path="tests/MS.FluxoDeCaixa.Tests.Integration/MS.FluxoDeCaixa.Tests.Integration.csproj" />
    <Project Path="tests/MS.FluxoDeCaixa.Tests.Unit/MS.FluxoDeCaixa.Tests.Unit.csproj" />
  </Folder>
</Solution>
