<Solution>
  <Folder Name="/src/">
    <Project Path="src/Carrefour.WKR.Consolidacao/Carrefour.WKR.Consolidacao.csproj" />
    <Project Path="src/FluxoDeCaixa.Consolidacao/FluxoDeCaixa.Consolidacao.csproj" />
    <Project Path="src/FluxoDeCaixa.Domain/FluxoDeCaixa.Domain.csproj" />
  </Folder>
  <Folder Name="/tests/">
    <Project Path="tests/Carrefour.WKR.Consolidacao.Tests/Carrefour.WKR.Consolidacao.Tests.csproj" />
  </Folder>
</Solution>
